// !$*UTF8*$!
{
	archiveVersion = 1;
	classes = {
	};
	objectVersion = 55;
	objects = {

/* Begin PBXBuildFile section */
		02CF9F118EAD08CA68BDE3C9 /* Pods_FixedCost_AppTests.framework in Frameworks */ = {isa = PBXBuildFile; fileRef = C67A6BEA393C7A432CADEE41 /* Pods_FixedCost_AppTests.framework */; };
		2DC4D057E16B50B66707CED3 /* Pods_FixedCost_AppUITests.framework in Frameworks */ = {isa = PBXBuildFile; fileRef = 4941C7460E6390D34A096D7F /* Pods_FixedCost_AppUITests.framework */; };
		3E1799B8F29E61F174931C99 /* Pods_FixedCost_App.framework in Frameworks */ = {isa = PBXBuildFile; fileRef = 907A399946ACFCDAD07CFA03 /* Pods_FixedCost_App.framework */; };
		B44BDB48285C24270085560A /* Realm in Frameworks */ = {isa = PBXBuildFile; productRef = B44BDB47285C24270085560A /* Realm */; };
		B44BDB4A285C24270085560A /* RealmSwift in Frameworks */ = {isa = PBXBuildFile; productRef = B44BDB49285C24270085560A /* RealmSwift */; };
		B45F257D283A3C3200170675 /* AppDelegate.swift in Sources */ = {isa = PBXBuildFile; fileRef = B45F257C283A3C3200170675 /* AppDelegate.swift */; };
		B45F257F283A3C3200170675 /* SceneDelegate.swift in Sources */ = {isa = PBXBuildFile; fileRef = B45F257E283A3C3200170675 /* SceneDelegate.swift */; };
		B45F2581283A3C3200170675 /* FixedCostViewController.swift in Sources */ = {isa = PBXBuildFile; fileRef = B45F2580283A3C3200170675 /* FixedCostViewController.swift */; };
		B45F2584283A3C3200170675 /* FixedCost.storyboard in Resources */ = {isa = PBXBuildFile; fileRef = B45F2582283A3C3200170675 /* FixedCost.storyboard */; };
		B45F2586283A3C3600170675 /* Assets.xcassets in Resources */ = {isa = PBXBuildFile; fileRef = B45F2585283A3C3600170675 /* Assets.xcassets */; };
		B45F2589283A3C3600170675 /* LaunchScreen.storyboard in Resources */ = {isa = PBXBuildFile; fileRef = B45F2587283A3C3600170675 /* LaunchScreen.storyboard */; };
		B45F2594283A3C3700170675 /* FixedCost_AppTests.swift in Sources */ = {isa = PBXBuildFile; fileRef = B45F2593283A3C3700170675 /* FixedCost_AppTests.swift */; };
		B45F259E283A3C3700170675 /* FixedCost_AppUITests.swift in Sources */ = {isa = PBXBuildFile; fileRef = B45F259D283A3C3700170675 /* FixedCost_AppUITests.swift */; };
		B45F25A0283A3C3700170675 /* FixedCost_AppUITestsLaunchTests.swift in Sources */ = {isa = PBXBuildFile; fileRef = B45F259F283A3C3700170675 /* FixedCost_AppUITestsLaunchTests.swift */; };
		B45F25B0283A5BB800170675 /* FixedCostCell.swift in Sources */ = {isa = PBXBuildFile; fileRef = B45F25AE283A5BB800170675 /* FixedCostCell.swift */; };
		B45F25B1283A5BB800170675 /* FixedCostCell.xib in Resources */ = {isa = PBXBuildFile; fileRef = B45F25AF283A5BB800170675 /* FixedCostCell.xib */; };
		B45F25B7283A704900170675 /* AddfixedCostViewController.swift in Sources */ = {isa = PBXBuildFile; fileRef = B45F25B6283A704900170675 /* AddfixedCostViewController.swift */; };
		B45F25B9283A711200170675 /* AddfixedCost.storyboard in Resources */ = {isa = PBXBuildFile; fileRef = B45F25B8283A711200170675 /* AddfixedCost.storyboard */; };
		B45F25BC283A773700170675 /* CostModel.swift in Sources */ = {isa = PBXBuildFile; fileRef = B45F25BB283A773700170675 /* CostModel.swift */; };
		B4BD48BA283C5DE100F72712 /* Storyboard+.swift in Sources */ = {isa = PBXBuildFile; fileRef = B4BD48B9283C5DE100F72712 /* Storyboard+.swift */; };
		B4E4DF7028403A8900A1D7F7 /* EditCostViewController.swift in Sources */ = {isa = PBXBuildFile; fileRef = B4E4DF6F28403A8900A1D7F7 /* EditCostViewController.swift */; };
		B4E4DF7228403AA400A1D7F7 /* EditCost.storyboard in Resources */ = {isa = PBXBuildFile; fileRef = B4E4DF7128403AA400A1D7F7 /* EditCost.storyboard */; };
		B4E4DF7A2841B96B00A1D7F7 /* Router.swift in Sources */ = {isa = PBXBuildFile; fileRef = B4E4DF792841B96B00A1D7F7 /* Router.swift */; };
		B4E4DF7C2841C7A200A1D7F7 /* Int+.swift in Sources */ = {isa = PBXBuildFile; fileRef = B4E4DF7B2841C7A200A1D7F7 /* Int+.swift */; };
/* End PBXBuildFile section */

/* Begin PBXContainerItemProxy section */
		B45F2590283A3C3700170675 /* PBXContainerItemProxy */ = {
			isa = PBXContainerItemProxy;
			containerPortal = B45F2571283A3C3200170675 /* Project object */;
			proxyType = 1;
			remoteGlobalIDString = B45F2578283A3C3200170675;
			remoteInfo = "FixedCost-App";
		};
		B45F259A283A3C3700170675 /* PBXContainerItemProxy */ = {
			isa = PBXContainerItemProxy;
			containerPortal = B45F2571283A3C3200170675 /* Project object */;
			proxyType = 1;
			remoteGlobalIDString = B45F2578283A3C3200170675;
			remoteInfo = "FixedCost-App";
		};
/* End PBXContainerItemProxy section */

/* Begin PBXFileReference section */
		06F6705B8B777DF6946F4D83 /* Pods-FixedCost-AppTests.debug.xcconfig */ = {isa = PBXFileReference; includeInIndex = 1; lastKnownFileType = text.xcconfig; name = "Pods-FixedCost-AppTests.debug.xcconfig"; path = "Pods/Target Support Files/Pods-FixedCost-AppTests/Pods-FixedCost-AppTests.debug.xcconfig"; sourceTree = "<group>"; };
		322E3BA60F5FC9A2C3BF90DA /* Pods-FixedCost-App.debug.xcconfig */ = {isa = PBXFileReference; includeInIndex = 1; lastKnownFileType = text.xcconfig; name = "Pods-FixedCost-App.debug.xcconfig"; path = "Pods/Target Support Files/Pods-FixedCost-App/Pods-FixedCost-App.debug.xcconfig"; sourceTree = "<group>"; };
		4941C7460E6390D34A096D7F /* Pods_FixedCost_AppUITests.framework */ = {isa = PBXFileReference; explicitFileType = wrapper.framework; includeInIndex = 0; path = Pods_FixedCost_AppUITests.framework; sourceTree = BUILT_PRODUCTS_DIR; };
		4D4FFB502C9A21127B36D6AF /* Pods-FixedCost-AppUITests.debug.xcconfig */ = {isa = PBXFileReference; includeInIndex = 1; lastKnownFileType = text.xcconfig; name = "Pods-FixedCost-AppUITests.debug.xcconfig"; path = "Pods/Target Support Files/Pods-FixedCost-AppUITests/Pods-FixedCost-AppUITests.debug.xcconfig"; sourceTree = "<group>"; };
		7CB56FD82B6CDDBD50F790DE /* Pods-FixedCost-App.release.xcconfig */ = {isa = PBXFileReference; includeInIndex = 1; lastKnownFileType = text.xcconfig; name = "Pods-FixedCost-App.release.xcconfig"; path = "Pods/Target Support Files/Pods-FixedCost-App/Pods-FixedCost-App.release.xcconfig"; sourceTree = "<group>"; };
		845460F7FBAFD947FC0F3060 /* Pods-FixedCost-AppUITests.release.xcconfig */ = {isa = PBXFileReference; includeInIndex = 1; lastKnownFileType = text.xcconfig; name = "Pods-FixedCost-AppUITests.release.xcconfig"; path = "Pods/Target Support Files/Pods-FixedCost-AppUITests/Pods-FixedCost-AppUITests.release.xcconfig"; sourceTree = "<group>"; };
		907A399946ACFCDAD07CFA03 /* Pods_FixedCost_App.framework */ = {isa = PBXFileReference; explicitFileType = wrapper.framework; includeInIndex = 0; path = Pods_FixedCost_App.framework; sourceTree = BUILT_PRODUCTS_DIR; };
		B45F2579283A3C3200170675 /* FixedCost-App.app */ = {isa = PBXFileReference; explicitFileType = wrapper.application; includeInIndex = 0; path = "FixedCost-App.app"; sourceTree = BUILT_PRODUCTS_DIR; };
		B45F257C283A3C3200170675 /* AppDelegate.swift */ = {isa = PBXFileReference; lastKnownFileType = sourcecode.swift; path = AppDelegate.swift; sourceTree = "<group>"; };
		B45F257E283A3C3200170675 /* SceneDelegate.swift */ = {isa = PBXFileReference; lastKnownFileType = sourcecode.swift; path = SceneDelegate.swift; sourceTree = "<group>"; };
		B45F2580283A3C3200170675 /* FixedCostViewController.swift */ = {isa = PBXFileReference; lastKnownFileType = sourcecode.swift; path = FixedCostViewController.swift; sourceTree = "<group>"; };
		B45F2583283A3C3200170675 /* Base */ = {isa = PBXFileReference; lastKnownFileType = file.storyboard; name = Base; path = Base.lproj/FixedCost.storyboard; sourceTree = "<group>"; };
		B45F2585283A3C3600170675 /* Assets.xcassets */ = {isa = PBXFileReference; lastKnownFileType = folder.assetcatalog; path = Assets.xcassets; sourceTree = "<group>"; };
		B45F2588283A3C3600170675 /* Base */ = {isa = PBXFileReference; lastKnownFileType = file.storyboard; name = Base; path = Base.lproj/LaunchScreen.storyboard; sourceTree = "<group>"; };
		B45F258A283A3C3600170675 /* Info.plist */ = {isa = PBXFileReference; lastKnownFileType = text.plist.xml; path = Info.plist; sourceTree = "<group>"; };
		B45F258F283A3C3700170675 /* FixedCost-AppTests.xctest */ = {isa = PBXFileReference; explicitFileType = wrapper.cfbundle; includeInIndex = 0; path = "FixedCost-AppTests.xctest"; sourceTree = BUILT_PRODUCTS_DIR; };
		B45F2593283A3C3700170675 /* FixedCost_AppTests.swift */ = {isa = PBXFileReference; lastKnownFileType = sourcecode.swift; path = FixedCost_AppTests.swift; sourceTree = "<group>"; };
		B45F2599283A3C3700170675 /* FixedCost-AppUITests.xctest */ = {isa = PBXFileReference; explicitFileType = wrapper.cfbundle; includeInIndex = 0; path = "FixedCost-AppUITests.xctest"; sourceTree = BUILT_PRODUCTS_DIR; };
		B45F259D283A3C3700170675 /* FixedCost_AppUITests.swift */ = {isa = PBXFileReference; lastKnownFileType = sourcecode.swift; path = FixedCost_AppUITests.swift; sourceTree = "<group>"; };
		B45F259F283A3C3700170675 /* FixedCost_AppUITestsLaunchTests.swift */ = {isa = PBXFileReference; lastKnownFileType = sourcecode.swift; path = FixedCost_AppUITestsLaunchTests.swift; sourceTree = "<group>"; };
		B45F25AE283A5BB800170675 /* FixedCostCell.swift */ = {isa = PBXFileReference; lastKnownFileType = sourcecode.swift; path = FixedCostCell.swift; sourceTree = "<group>"; };
		B45F25AF283A5BB800170675 /* FixedCostCell.xib */ = {isa = PBXFileReference; lastKnownFileType = file.xib; path = FixedCostCell.xib; sourceTree = "<group>"; };
		B45F25B6283A704900170675 /* AddfixedCostViewController.swift */ = {isa = PBXFileReference; lastKnownFileType = sourcecode.swift; path = AddfixedCostViewController.swift; sourceTree = "<group>"; };
		B45F25B8283A711200170675 /* AddfixedCost.storyboard */ = {isa = PBXFileReference; lastKnownFileType = file.storyboard; path = AddfixedCost.storyboard; sourceTree = "<group>"; };
		B45F25BB283A773700170675 /* CostModel.swift */ = {isa = PBXFileReference; lastKnownFileType = sourcecode.swift; path = CostModel.swift; sourceTree = "<group>"; };
		B4BD48B9283C5DE100F72712 /* Storyboard+.swift */ = {isa = PBXFileReference; lastKnownFileType = sourcecode.swift; path = "Storyboard+.swift"; sourceTree = "<group>"; };
		B4E4DF6F28403A8900A1D7F7 /* EditCostViewController.swift */ = {isa = PBXFileReference; lastKnownFileType = sourcecode.swift; path = EditCostViewController.swift; sourceTree = "<group>"; };
		B4E4DF7128403AA400A1D7F7 /* EditCost.storyboard */ = {isa = PBXFileReference; lastKnownFileType = file.storyboard; path = EditCost.storyboard; sourceTree = "<group>"; };
		B4E4DF792841B96B00A1D7F7 /* Router.swift */ = {isa = PBXFileReference; lastKnownFileType = sourcecode.swift; path = Router.swift; sourceTree = "<group>"; };
		B4E4DF7B2841C7A200A1D7F7 /* Int+.swift */ = {isa = PBXFileReference; lastKnownFileType = sourcecode.swift; path = "Int+.swift"; sourceTree = "<group>"; };
		C35B2CE0687F2094AC897890 /* Pods-FixedCost-AppTests.release.xcconfig */ = {isa = PBXFileReference; includeInIndex = 1; lastKnownFileType = text.xcconfig; name = "Pods-FixedCost-AppTests.release.xcconfig"; path = "Pods/Target Support Files/Pods-FixedCost-AppTests/Pods-FixedCost-AppTests.release.xcconfig"; sourceTree = "<group>"; };
		C67A6BEA393C7A432CADEE41 /* Pods_FixedCost_AppTests.framework */ = {isa = PBXFileReference; explicitFileType = wrapper.framework; includeInIndex = 0; path = Pods_FixedCost_AppTests.framework; sourceTree = BUILT_PRODUCTS_DIR; };
/* End PBXFileReference section */

/* Begin PBXFrameworksBuildPhase section */
		B45F2576283A3C3200170675 /* Frameworks */ = {
			isa = PBXFrameworksBuildPhase;
			buildActionMask = 2147483647;
			files = (
				B44BDB4A285C24270085560A /* RealmSwift in Frameworks */,
				B44BDB48285C24270085560A /* Realm in Frameworks */,
				3E1799B8F29E61F174931C99 /* Pods_FixedCost_App.framework in Frameworks */,
			);
			runOnlyForDeploymentPostprocessing = 0;
		};
		B45F258C283A3C3700170675 /* Frameworks */ = {
			isa = PBXFrameworksBuildPhase;
			buildActionMask = 2147483647;
			files = (
				02CF9F118EAD08CA68BDE3C9 /* Pods_FixedCost_AppTests.framework in Frameworks */,
			);
			runOnlyForDeploymentPostprocessing = 0;
		};
		B45F2596283A3C3700170675 /* Frameworks */ = {
			isa = PBXFrameworksBuildPhase;
			buildActionMask = 2147483647;
			files = (
				2DC4D057E16B50B66707CED3 /* Pods_FixedCost_AppUITests.framework in Frameworks */,
			);
			runOnlyForDeploymentPostprocessing = 0;
		};
/* End PBXFrameworksBuildPhase section */

/* Begin PBXGroup section */
		58CC893254A0CDC18B8F23B2 /* Frameworks */ = {
			isa = PBXGroup;
			children = (
				907A399946ACFCDAD07CFA03 /* Pods_FixedCost_App.framework */,
				C67A6BEA393C7A432CADEE41 /* Pods_FixedCost_AppTests.framework */,
				4941C7460E6390D34A096D7F /* Pods_FixedCost_AppUITests.framework */,
			);
			name = Frameworks;
			sourceTree = "<group>";
		};
		B45F2570283A3C3200170675 = {
			isa = PBXGroup;
			children = (
				B45F257B283A3C3200170675 /* FixedCost-App */,
				B45F2592283A3C3700170675 /* FixedCost-AppTests */,
				B45F259C283A3C3700170675 /* FixedCost-AppUITests */,
				B45F257A283A3C3200170675 /* Products */,
				CEAC40C72382D07A47DD63F6 /* Pods */,
				58CC893254A0CDC18B8F23B2 /* Frameworks */,
			);
			sourceTree = "<group>";
		};
		B45F257A283A3C3200170675 /* Products */ = {
			isa = PBXGroup;
			children = (
				B45F2579283A3C3200170675 /* FixedCost-App.app */,
				B45F258F283A3C3700170675 /* FixedCost-AppTests.xctest */,
				B45F2599283A3C3700170675 /* FixedCost-AppUITests.xctest */,
			);
			name = Products;
			sourceTree = "<group>";
		};
		B45F257B283A3C3200170675 /* FixedCost-App */ = {
			isa = PBXGroup;
			children = (
				B4BD48B8283C5DC300F72712 /* Extension */,
				B45F25BA283A772300170675 /* Model */,
				B45F25AD283A5B9A00170675 /* View */,
				B4E4DF6E28403A5100A1D7F7 /* Edit */,
				B45F25B5283A700E00170675 /* Add */,
				B45F25AC283A5B7D00170675 /* FixedCost */,
				B45F257C283A3C3200170675 /* AppDelegate.swift */,
				B45F257E283A3C3200170675 /* SceneDelegate.swift */,
				B45F2585283A3C3600170675 /* Assets.xcassets */,
				B45F2587283A3C3600170675 /* LaunchScreen.storyboard */,
				B45F258A283A3C3600170675 /* Info.plist */,
			);
			path = "FixedCost-App";
			sourceTree = "<group>";
		};
		B45F2592283A3C3700170675 /* FixedCost-AppTests */ = {
			isa = PBXGroup;
			children = (
				B45F2593283A3C3700170675 /* FixedCost_AppTests.swift */,
			);
			path = "FixedCost-AppTests";
			sourceTree = "<group>";
		};
		B45F259C283A3C3700170675 /* FixedCost-AppUITests */ = {
			isa = PBXGroup;
			children = (
				B45F259D283A3C3700170675 /* FixedCost_AppUITests.swift */,
				B45F259F283A3C3700170675 /* FixedCost_AppUITestsLaunchTests.swift */,
			);
			path = "FixedCost-AppUITests";
			sourceTree = "<group>";
		};
		B45F25AC283A5B7D00170675 /* FixedCost */ = {
			isa = PBXGroup;
			children = (
				B45F2580283A3C3200170675 /* FixedCostViewController.swift */,
				B45F2582283A3C3200170675 /* FixedCost.storyboard */,
			);
			path = FixedCost;
			sourceTree = "<group>";
		};
		B45F25AD283A5B9A00170675 /* View */ = {
			isa = PBXGroup;
			children = (
				B45F25AE283A5BB800170675 /* FixedCostCell.swift */,
				B45F25AF283A5BB800170675 /* FixedCostCell.xib */,
			);
			path = View;
			sourceTree = "<group>";
		};
		B45F25B5283A700E00170675 /* Add */ = {
			isa = PBXGroup;
			children = (
				B45F25B6283A704900170675 /* AddfixedCostViewController.swift */,
				B45F25B8283A711200170675 /* AddfixedCost.storyboard */,
			);
			path = Add;
			sourceTree = "<group>";
		};
		B45F25BA283A772300170675 /* Model */ = {
			isa = PBXGroup;
			children = (
				B45F25BB283A773700170675 /* CostModel.swift */,
			);
			path = Model;
			sourceTree = "<group>";
		};
		B4BD48B8283C5DC300F72712 /* Extension */ = {
			isa = PBXGroup;
			children = (
				B4BD48B9283C5DE100F72712 /* Storyboard+.swift */,
				B4E4DF792841B96B00A1D7F7 /* Router.swift */,
				B4E4DF7B2841C7A200A1D7F7 /* Int+.swift */,
			);
			path = Extension;
			sourceTree = "<group>";
		};
		B4E4DF6E28403A5100A1D7F7 /* Edit */ = {
			isa = PBXGroup;
			children = (
				B4E4DF6F28403A8900A1D7F7 /* EditCostViewController.swift */,
				B4E4DF7128403AA400A1D7F7 /* EditCost.storyboard */,
			);
			path = Edit;
			sourceTree = "<group>";
		};
		CEAC40C72382D07A47DD63F6 /* Pods */ = {
			isa = PBXGroup;
			children = (
				322E3BA60F5FC9A2C3BF90DA /* Pods-FixedCost-App.debug.xcconfig */,
				7CB56FD82B6CDDBD50F790DE /* Pods-FixedCost-App.release.xcconfig */,
				06F6705B8B777DF6946F4D83 /* Pods-FixedCost-AppTests.debug.xcconfig */,
				C35B2CE0687F2094AC897890 /* Pods-FixedCost-AppTests.release.xcconfig */,
				4D4FFB502C9A21127B36D6AF /* Pods-FixedCost-AppUITests.debug.xcconfig */,
				845460F7FBAFD947FC0F3060 /* Pods-FixedCost-AppUITests.release.xcconfig */,
			);
			name = Pods;
			sourceTree = "<group>";
		};
/* End PBXGroup section */

/* Begin PBXNativeTarget section */
		B45F2578283A3C3200170675 /* FixedCost-App */ = {
			isa = PBXNativeTarget;
			buildConfigurationList = B45F25A3283A3C3700170675 /* Build configuration list for PBXNativeTarget "FixedCost-App" */;
			buildPhases = (
				A97092993A973BBBD1B41133 /* [CP] Check Pods Manifest.lock */,
				B45F2575283A3C3200170675 /* Sources */,
				B45F2576283A3C3200170675 /* Frameworks */,
				B45F2577283A3C3200170675 /* Resources */,
				777B8D9C199F9B47B8E3DF60 /* [CP] Embed Pods Frameworks */,
				DD4343A3BD8B4ECD31447A40 /* [CP] Copy Pods Resources */,
			);
			buildRules = (
			);
			dependencies = (
			);
			name = "FixedCost-App";
			packageProductDependencies = (
				B44BDB47285C24270085560A /* Realm */,
				B44BDB49285C24270085560A /* RealmSwift */,
			);
			productName = "FixedCost-App";
			productReference = B45F2579283A3C3200170675 /* FixedCost-App.app */;
			productType = "com.apple.product-type.application";
		};
		B45F258E283A3C3700170675 /* FixedCost-AppTests */ = {
			isa = PBXNativeTarget;
			buildConfigurationList = B45F25A6283A3C3700170675 /* Build configuration list for PBXNativeTarget "FixedCost-AppTests" */;
			buildPhases = (
				24131301B575C411D4B3C67C /* [CP] Check Pods Manifest.lock */,
				B45F258B283A3C3700170675 /* Sources */,
				B45F258C283A3C3700170675 /* Frameworks */,
				B45F258D283A3C3700170675 /* Resources */,
				E92B189612CEE86004F19DCA /* [CP] Embed Pods Frameworks */,
				4CA550F14DB04AA6635AAFCF /* [CP] Copy Pods Resources */,
			);
			buildRules = (
			);
			dependencies = (
				B45F2591283A3C3700170675 /* PBXTargetDependency */,
			);
			name = "FixedCost-AppTests";
			productName = "FixedCost-AppTests";
			productReference = B45F258F283A3C3700170675 /* FixedCost-AppTests.xctest */;
			productType = "com.apple.product-type.bundle.unit-test";
		};
		B45F2598283A3C3700170675 /* FixedCost-AppUITests */ = {
			isa = PBXNativeTarget;
			buildConfigurationList = B45F25A9283A3C3700170675 /* Build configuration list for PBXNativeTarget "FixedCost-AppUITests" */;
			buildPhases = (
				80484DA7C76643C39D7C8731 /* [CP] Check Pods Manifest.lock */,
				B45F2595283A3C3700170675 /* Sources */,
				B45F2596283A3C3700170675 /* Frameworks */,
				B45F2597283A3C3700170675 /* Resources */,
				D5B233B6A237780347571BEA /* [CP] Embed Pods Frameworks */,
				92DD51ECC11DEDFEF3B9C0F9 /* [CP] Copy Pods Resources */,
			);
			buildRules = (
			);
			dependencies = (
				B45F259B283A3C3700170675 /* PBXTargetDependency */,
			);
			name = "FixedCost-AppUITests";
			productName = "FixedCost-AppUITests";
			productReference = B45F2599283A3C3700170675 /* FixedCost-AppUITests.xctest */;
			productType = "com.apple.product-type.bundle.ui-testing";
		};
/* End PBXNativeTarget section */

/* Begin PBXProject section */
		B45F2571283A3C3200170675 /* Project object */ = {
			isa = PBXProject;
			attributes = {
				BuildIndependentTargetsInParallel = 1;
				LastSwiftUpdateCheck = 1340;
				LastUpgradeCheck = 1340;
				TargetAttributes = {
					B45F2578283A3C3200170675 = {
						CreatedOnToolsVersion = 13.4;
					};
					B45F258E283A3C3700170675 = {
						CreatedOnToolsVersion = 13.4;
						TestTargetID = B45F2578283A3C3200170675;
					};
					B45F2598283A3C3700170675 = {
						CreatedOnToolsVersion = 13.4;
						TestTargetID = B45F2578283A3C3200170675;
					};
				};
			};
			buildConfigurationList = B45F2574283A3C3200170675 /* Build configuration list for PBXProject "FixedCost-App" */;
			compatibilityVersion = "Xcode 13.0";
			developmentRegion = en;
			hasScannedForEncodings = 0;
			knownRegions = (
				en,
				Base,
			);
			mainGroup = B45F2570283A3C3200170675;
			packageReferences = (
				B44BDB46285C24270085560A /* XCRemoteSwiftPackageReference "realm-swift" */,
			);
			productRefGroup = B45F257A283A3C3200170675 /* Products */;
			projectDirPath = "";
			projectRoot = "";
			targets = (
				B45F2578283A3C3200170675 /* FixedCost-App */,
				B45F258E283A3C3700170675 /* FixedCost-AppTests */,
				B45F2598283A3C3700170675 /* FixedCost-AppUITests */,
			);
		};
/* End PBXProject section */

/* Begin PBXResourcesBuildPhase section */
		B45F2577283A3C3200170675 /* Resources */ = {
			isa = PBXResourcesBuildPhase;
			buildActionMask = 2147483647;
			files = (
				B45F25B9283A711200170675 /* AddfixedCost.storyboard in Resources */,
				B45F2589283A3C3600170675 /* LaunchScreen.storyboard in Resources */,
				B45F2586283A3C3600170675 /* Assets.xcassets in Resources */,
				B45F2584283A3C3200170675 /* FixedCost.storyboard in Resources */,
				B45F25B1283A5BB800170675 /* FixedCostCell.xib in Resources */,
				B4E4DF7228403AA400A1D7F7 /* EditCost.storyboard in Resources */,
			);
			runOnlyForDeploymentPostprocessing = 0;
		};
		B45F258D283A3C3700170675 /* Resources */ = {
			isa = PBXResourcesBuildPhase;
			buildActionMask = 2147483647;
			files = (
			);
			runOnlyForDeploymentPostprocessing = 0;
		};
		B45F2597283A3C3700170675 /* Resources */ = {
			isa = PBXResourcesBuildPhase;
			buildActionMask = 2147483647;
			files = (
			);
			runOnlyForDeploymentPostprocessing = 0;
		};
/* End PBXResourcesBuildPhase section */

/* Begin PBXShellScriptBuildPhase section */
		24131301B575C411D4B3C67C /* [CP] Check Pods Manifest.lock */ = {
			isa = PBXShellScriptBuildPhase;
			buildActionMask = 2147483647;
			files = (
			);
			inputFileListPaths = (
			);
			inputPaths = (
			);
			name = "[CP] Check Pods Manifest.lock";
			outputFileListPaths = (
			);
			outputPaths = (
			);
			runOnlyForDeploymentPostprocessing = 0;
			shellPath = /bin/sh;
			shellScript = "diff \"${PODS_ROOT}/../Podfile.lock\" \"${PODS_ROOT}/Manifest.lock\" > /dev/null\nif [ $? != 0 ] ; then\n    # print error to STDERR\n    echo \"error: The sandbox is not in sync with the Podfile.lock. Run 'pod install' or update your CocoaPods installation.\" >&2\n    exit 1\nfi\n";
			showEnvVarsInLog = 0;
		};
		4CA550F14DB04AA6635AAFCF /* [CP] Copy Pods Resources */ = {
			isa = PBXShellScriptBuildPhase;
			buildActionMask = 2147483647;
			files = (
			);
			inputFileListPaths = (
			);
			inputPaths = (
			);
			name = "[CP] Copy Pods Resources";
			outputFileListPaths = (
			);
			outputPaths = (
			);
			runOnlyForDeploymentPostprocessing = 0;
			shellPath = /bin/sh;
			shellScript = "\"${SRCROOT}/Pods/Target Support Files/Pods-FixedCost-AppTests/Pods-FixedCost-AppTests-resources.sh\"\n";
			showEnvVarsInLog = 0;
		};
		777B8D9C199F9B47B8E3DF60 /* [CP] Embed Pods Frameworks */ = {
			isa = PBXShellScriptBuildPhase;
			buildActionMask = 2147483647;
			files = (
			);
			inputFileListPaths = (
			);
			inputPaths = (
			);
			name = "[CP] Embed Pods Frameworks";
			outputFileListPaths = (
			);
			outputPaths = (
			);
			runOnlyForDeploymentPostprocessing = 0;
			shellPath = /bin/sh;
			shellScript = "\"${SRCROOT}/Pods/Target Support Files/Pods-FixedCost-App/Pods-FixedCost-App-frameworks.sh\"\n";
			showEnvVarsInLog = 0;
		};
		80484DA7C76643C39D7C8731 /* [CP] Check Pods Manifest.lock */ = {
			isa = PBXShellScriptBuildPhase;
			buildActionMask = 2147483647;
			files = (
			);
			inputFileListPaths = (
			);
			inputPaths = (
			);
			name = "[CP] Check Pods Manifest.lock";
			outputFileListPaths = (
			);
			outputPaths = (
			);
			runOnlyForDeploymentPostprocessing = 0;
			shellPath = /bin/sh;
			shellScript = "diff \"${PODS_ROOT}/../Podfile.lock\" \"${PODS_ROOT}/Manifest.lock\" > /dev/null\nif [ $? != 0 ] ; then\n    # print error to STDERR\n    echo \"error: The sandbox is not in sync with the Podfile.lock. Run 'pod install' or update your CocoaPods installation.\" >&2\n    exit 1\nfi\n";
			showEnvVarsInLog = 0;
		};
		92DD51ECC11DEDFEF3B9C0F9 /* [CP] Copy Pods Resources */ = {
			isa = PBXShellScriptBuildPhase;
			buildActionMask = 2147483647;
			files = (
			);
			inputFileListPaths = (
			);
			inputPaths = (
			);
			name = "[CP] Copy Pods Resources";
			outputFileListPaths = (
			);
			outputPaths = (
			);
			runOnlyForDeploymentPostprocessing = 0;
			shellPath = /bin/sh;
			shellScript = "\"${SRCROOT}/Pods/Target Support Files/Pods-FixedCost-AppUITests/Pods-FixedCost-AppUITests-resources.sh\"\n";
			showEnvVarsInLog = 0;
		};
		A97092993A973BBBD1B41133 /* [CP] Check Pods Manifest.lock */ = {
			isa = PBXShellScriptBuildPhase;
			buildActionMask = 2147483647;
			files = (
			);
			inputFileListPaths = (
			);
			inputPaths = (
			);
			name = "[CP] Check Pods Manifest.lock";
			outputFileListPaths = (
			);
			outputPaths = (
			);
			runOnlyForDeploymentPostprocessing = 0;
			shellPath = /bin/sh;
			shellScript = "diff \"${PODS_ROOT}/../Podfile.lock\" \"${PODS_ROOT}/Manifest.lock\" > /dev/null\nif [ $? != 0 ] ; then\n    # print error to STDERR\n    echo \"error: The sandbox is not in sync with the Podfile.lock. Run 'pod install' or update your CocoaPods installation.\" >&2\n    exit 1\nfi\n";
			showEnvVarsInLog = 0;
		};
		D5B233B6A237780347571BEA /* [CP] Embed Pods Frameworks */ = {
			isa = PBXShellScriptBuildPhase;
			buildActionMask = 2147483647;
			files = (
			);
			inputFileListPaths = (
			);
			inputPaths = (
			);
			name = "[CP] Embed Pods Frameworks";
			outputFileListPaths = (
			);
			outputPaths = (
			);
			runOnlyForDeploymentPostprocessing = 0;
			shellPath = /bin/sh;
			shellScript = "\"${SRCROOT}/Pods/Target Support Files/Pods-FixedCost-AppUITests/Pods-FixedCost-AppUITests-frameworks.sh\"\n";
			showEnvVarsInLog = 0;
		};
		DD4343A3BD8B4ECD31447A40 /* [CP] Copy Pods Resources */ = {
			isa = PBXShellScriptBuildPhase;
			buildActionMask = 2147483647;
			files = (
			);
			inputFileListPaths = (
			);
			inputPaths = (
			);
			name = "[CP] Copy Pods Resources";
			outputFileListPaths = (
			);
			outputPaths = (
			);
			runOnlyForDeploymentPostprocessing = 0;
			shellPath = /bin/sh;
			shellScript = "\"${SRCROOT}/Pods/Target Support Files/Pods-FixedCost-App/Pods-FixedCost-App-resources.sh\"\n";
			showEnvVarsInLog = 0;
		};
		E92B189612CEE86004F19DCA /* [CP] Embed Pods Frameworks */ = {
			isa = PBXShellScriptBuildPhase;
			buildActionMask = 2147483647;
			files = (
			);
			inputFileListPaths = (
			);
			inputPaths = (
			);
			name = "[CP] Embed Pods Frameworks";
			outputFileListPaths = (
			);
			outputPaths = (
			);
			runOnlyForDeploymentPostprocessing = 0;
			shellPath = /bin/sh;
			shellScript = "\"${SRCROOT}/Pods/Target Support Files/Pods-FixedCost-AppTests/Pods-FixedCost-AppTests-frameworks.sh\"\n";
			showEnvVarsInLog = 0;
		};
/* End PBXShellScriptBuildPhase section */

/* Begin PBXSourcesBuildPhase section */
		B45F2575283A3C3200170675 /* Sources */ = {
			isa = PBXSourcesBuildPhase;
			buildActionMask = 2147483647;
			files = (
				B4BD48BA283C5DE100F72712 /* Storyboard+.swift in Sources */,
				B45F2581283A3C3200170675 /* FixedCostViewController.swift in Sources */,
				B45F257D283A3C3200170675 /* AppDelegate.swift in Sources */,
				B45F257F283A3C3200170675 /* SceneDelegate.swift in Sources */,
				B4E4DF7A2841B96B00A1D7F7 /* Router.swift in Sources */,
				B45F25B7283A704900170675 /* AddfixedCostViewController.swift in Sources */,
				B4E4DF7028403A8900A1D7F7 /* EditCostViewController.swift in Sources */,
				B4E4DF7C2841C7A200A1D7F7 /* Int+.swift in Sources */,
				B45F25B0283A5BB800170675 /* FixedCostCell.swift in Sources */,
				B45F25BC283A773700170675 /* CostModel.swift in Sources */,
			);
			runOnlyForDeploymentPostprocessing = 0;
		};
		B45F258B283A3C3700170675 /* Sources */ = {
			isa = PBXSourcesBuildPhase;
			buildActionMask = 2147483647;
			files = (
				B45F2594283A3C3700170675 /* FixedCost_AppTests.swift in Sources */,
			);
			runOnlyForDeploymentPostprocessing = 0;
		};
		B45F2595283A3C3700170675 /* Sources */ = {
			isa = PBXSourcesBuildPhase;
			buildActionMask = 2147483647;
			files = (
				B45F25A0283A3C3700170675 /* FixedCost_AppUITestsLaunchTests.swift in Sources */,
				B45F259E283A3C3700170675 /* FixedCost_AppUITests.swift in Sources */,
			);
			runOnlyForDeploymentPostprocessing = 0;
		};
/* End PBXSourcesBuildPhase section */

/* Begin PBXTargetDependency section */
		B45F2591283A3C3700170675 /* PBXTargetDependency */ = {
			isa = PBXTargetDependency;
			target = B45F2578283A3C3200170675 /* FixedCost-App */;
			targetProxy = B45F2590283A3C3700170675 /* PBXContainerItemProxy */;
		};
		B45F259B283A3C3700170675 /* PBXTargetDependency */ = {
			isa = PBXTargetDependency;
			target = B45F2578283A3C3200170675 /* FixedCost-App */;
			targetProxy = B45F259A283A3C3700170675 /* PBXContainerItemProxy */;
		};
/* End PBXTargetDependency section */

/* Begin PBXVariantGroup section */
		B45F2582283A3C3200170675 /* FixedCost.storyboard */ = {
			isa = PBXVariantGroup;
			children = (
				B45F2583283A3C3200170675 /* Base */,
			);
			name = FixedCost.storyboard;
			sourceTree = "<group>";
		};
		B45F2587283A3C3600170675 /* LaunchScreen.storyboard */ = {
			isa = PBXVariantGroup;
			children = (
				B45F2588283A3C3600170675 /* Base */,
			);
			name = LaunchScreen.storyboard;
			sourceTree = "<group>";
		};
/* End PBXVariantGroup section */

/* Begin XCBuildConfiguration section */
		B45F25A1283A3C3700170675 /* Debug */ = {
			isa = XCBuildConfiguration;
			buildSettings = {
				ALWAYS_SEARCH_USER_PATHS = NO;
				CLANG_ANALYZER_NONNULL = YES;
				CLANG_ANALYZER_NUMBER_OBJECT_CONVERSION = YES_AGGRESSIVE;
				CLANG_CXX_LANGUAGE_STANDARD = "gnu++17";
				CLANG_ENABLE_MODULES = YES;
				CLANG_ENABLE_OBJC_ARC = YES;
				CLANG_ENABLE_OBJC_WEAK = YES;
				CLANG_WARN_BLOCK_CAPTURE_AUTORELEASING = YES;
				CLANG_WARN_BOOL_CONVERSION = YES;
				CLANG_WARN_COMMA = YES;
				CLANG_WARN_CONSTANT_CONVERSION = YES;
				CLANG_WARN_DEPRECATED_OBJC_IMPLEMENTATIONS = YES;
				CLANG_WARN_DIRECT_OBJC_ISA_USAGE = YES_ERROR;
				CLANG_WARN_DOCUMENTATION_COMMENTS = YES;
				CLANG_WARN_EMPTY_BODY = YES;
				CLANG_WARN_ENUM_CONVERSION = YES;
				CLANG_WARN_INFINITE_RECURSION = YES;
				CLANG_WARN_INT_CONVERSION = YES;
				CLANG_WARN_NON_LITERAL_NULL_CONVERSION = YES;
				CLANG_WARN_OBJC_IMPLICIT_RETAIN_SELF = YES;
				CLANG_WARN_OBJC_LITERAL_CONVERSION = YES;
				CLANG_WARN_OBJC_ROOT_CLASS = YES_ERROR;
				CLANG_WARN_QUOTED_INCLUDE_IN_FRAMEWORK_HEADER = YES;
				CLANG_WARN_RANGE_LOOP_ANALYSIS = YES;
				CLANG_WARN_STRICT_PROTOTYPES = YES;
				CLANG_WARN_SUSPICIOUS_MOVE = YES;
				CLANG_WARN_UNGUARDED_AVAILABILITY = YES_AGGRESSIVE;
				CLANG_WARN_UNREACHABLE_CODE = YES;
				CLANG_WARN__DUPLICATE_METHOD_MATCH = YES;
				COPY_PHASE_STRIP = NO;
				DEBUG_INFORMATION_FORMAT = dwarf;
				ENABLE_STRICT_OBJC_MSGSEND = YES;
				ENABLE_TESTABILITY = YES;
				GCC_C_LANGUAGE_STANDARD = gnu11;
				GCC_DYNAMIC_NO_PIC = NO;
				GCC_NO_COMMON_BLOCKS = YES;
				GCC_OPTIMIZATION_LEVEL = 0;
				GCC_PREPROCESSOR_DEFINITIONS = (
					"DEBUG=1",
					"$(inherited)",
				);
				GCC_WARN_64_TO_32_BIT_CONVERSION = YES;
				GCC_WARN_ABOUT_RETURN_TYPE = YES_ERROR;
				GCC_WARN_UNDECLARED_SELECTOR = YES;
				GCC_WARN_UNINITIALIZED_AUTOS = YES_AGGRESSIVE;
				GCC_WARN_UNUSED_FUNCTION = YES;
				GCC_WARN_UNUSED_VARIABLE = YES;
				IPHONEOS_DEPLOYMENT_TARGET = 15.0;
				MTL_ENABLE_DEBUG_INFO = INCLUDE_SOURCE;
				MTL_FAST_MATH = YES;
				ONLY_ACTIVE_ARCH = YES;
				SDKROOT = iphoneos;
				SWIFT_ACTIVE_COMPILATION_CONDITIONS = DEBUG;
				SWIFT_OPTIMIZATION_LEVEL = "-Onone";
			};
			name = Debug;
		};
		B45F25A2283A3C3700170675 /* Release */ = {
			isa = XCBuildConfiguration;
			buildSettings = {
				ALWAYS_SEARCH_USER_PATHS = NO;
				CLANG_ANALYZER_NONNULL = YES;
				CLANG_ANALYZER_NUMBER_OBJECT_CONVERSION = YES_AGGRESSIVE;
				CLANG_CXX_LANGUAGE_STANDARD = "gnu++17";
				CLANG_ENABLE_MODULES = YES;
				CLANG_ENABLE_OBJC_ARC = YES;
				CLANG_ENABLE_OBJC_WEAK = YES;
				CLANG_WARN_BLOCK_CAPTURE_AUTORELEASING = YES;
				CLANG_WARN_BOOL_CONVERSION = YES;
				CLANG_WARN_COMMA = YES;
				CLANG_WARN_CONSTANT_CONVERSION = YES;
				CLANG_WARN_DEPRECATED_OBJC_IMPLEMENTATIONS = YES;
				CLANG_WARN_DIRECT_OBJC_ISA_USAGE = YES_ERROR;
				CLANG_WARN_DOCUMENTATION_COMMENTS = YES;
				CLANG_WARN_EMPTY_BODY = YES;
				CLANG_WARN_ENUM_CONVERSION = YES;
				CLANG_WARN_INFINITE_RECURSION = YES;
				CLANG_WARN_INT_CONVERSION = YES;
				CLANG_WARN_NON_LITERAL_NULL_CONVERSION = YES;
				CLANG_WARN_OBJC_IMPLICIT_RETAIN_SELF = YES;
				CLANG_WARN_OBJC_LITERAL_CONVERSION = YES;
				CLANG_WARN_OBJC_ROOT_CLASS = YES_ERROR;
				CLANG_WARN_QUOTED_INCLUDE_IN_FRAMEWORK_HEADER = YES;
				CLANG_WARN_RANGE_LOOP_ANALYSIS = YES;
				CLANG_WARN_STRICT_PROTOTYPES = YES;
				CLANG_WARN_SUSPICIOUS_MOVE = YES;
				CLANG_WARN_UNGUARDED_AVAILABILITY = YES_AGGRESSIVE;
				CLANG_WARN_UNREACHABLE_CODE = YES;
				CLANG_WARN__DUPLICATE_METHOD_MATCH = YES;
				COPY_PHASE_STRIP = NO;
				DEBUG_INFORMATION_FORMAT = "dwarf-with-dsym";
				ENABLE_NS_ASSERTIONS = NO;
				ENABLE_STRICT_OBJC_MSGSEND = YES;
				GCC_C_LANGUAGE_STANDARD = gnu11;
				GCC_NO_COMMON_BLOCKS = YES;
				GCC_WARN_64_TO_32_BIT_CONVERSION = YES;
				GCC_WARN_ABOUT_RETURN_TYPE = YES_ERROR;
				GCC_WARN_UNDECLARED_SELECTOR = YES;
				GCC_WARN_UNINITIALIZED_AUTOS = YES_AGGRESSIVE;
				GCC_WARN_UNUSED_FUNCTION = YES;
				GCC_WARN_UNUSED_VARIABLE = YES;
				IPHONEOS_DEPLOYMENT_TARGET = 15.0;
				MTL_ENABLE_DEBUG_INFO = NO;
				MTL_FAST_MATH = YES;
				SDKROOT = iphoneos;
				SWIFT_COMPILATION_MODE = wholemodule;
				SWIFT_OPTIMIZATION_LEVEL = "-O";
				VALIDATE_PRODUCT = YES;
			};
			name = Release;
		};
		B45F25A4283A3C3700170675 /* Debug */ = {
			isa = XCBuildConfiguration;
			baseConfigurationReference = 322E3BA60F5FC9A2C3BF90DA /* Pods-FixedCost-App.debug.xcconfig */;
			buildSettings = {
				ASSETCATALOG_COMPILER_APPICON_NAME = AppIcon;
				ASSETCATALOG_COMPILER_GLOBAL_ACCENT_COLOR_NAME = AccentColor;
				ASSETCATALOG_COMPILER_INCLUDE_ALL_APPICON_ASSETS = NO;
				CODE_SIGN_IDENTITY = "iPhone Distribution";
				CODE_SIGN_STYLE = Manual;
				CURRENT_PROJECT_VERSION = 1.3;
				DEVELOPMENT_TEAM = ZCR4QT36HT;
				GENERATE_INFOPLIST_FILE = YES;
				INFOPLIST_FILE = "FixedCost-App/Info.plist";
				INFOPLIST_KEY_CFBundleDisplayName = "固定費管理";
				INFOPLIST_KEY_UIApplicationSupportsIndirectInputEvents = YES;
				INFOPLIST_KEY_UILaunchStoryboardName = LaunchScreen;
				INFOPLIST_KEY_UIMainStoryboardFile = FixedCost;
				INFOPLIST_KEY_UISupportedInterfaceOrientations_iPad = "UIInterfaceOrientationPortrait UIInterfaceOrientationPortraitUpsideDown UIInterfaceOrientationLandscapeLeft UIInterfaceOrientationLandscapeRight";
				INFOPLIST_KEY_UISupportedInterfaceOrientations_iPhone = "UIInterfaceOrientationPortrait UIInterfaceOrientationLandscapeLeft UIInterfaceOrientationLandscapeRight";
				INFOPLIST_KEY_UIUserInterfaceStyle = Light;
				LD_RUNPATH_SEARCH_PATHS = (
					"$(inherited)",
					"@executable_path/Frameworks",
				);
				MARKETING_VERSION = 1.2;
				PRODUCT_BUNDLE_IDENTIFIER = "swift-tk.FixedCost-App";
				PRODUCT_NAME = "$(TARGET_NAME)";
				PROVISIONING_PROFILE_SPECIFIER = "FixedCost-App";
				SWIFT_EMIT_LOC_STRINGS = YES;
				SWIFT_VERSION = 5.0;
				TARGETED_DEVICE_FAMILY = 1;
			};
			name = Debug;
		};
		B45F25A5283A3C3700170675 /* Release */ = {
			isa = XCBuildConfiguration;
			baseConfigurationReference = 7CB56FD82B6CDDBD50F790DE /* Pods-FixedCost-App.release.xcconfig */;
			buildSettings = {
				ASSETCATALOG_COMPILER_APPICON_NAME = AppIcon;
				ASSETCATALOG_COMPILER_GLOBAL_ACCENT_COLOR_NAME = AccentColor;
				ASSETCATALOG_COMPILER_INCLUDE_ALL_APPICON_ASSETS = NO;
				CODE_SIGN_IDENTITY = "iPhone Distribution";
				CODE_SIGN_STYLE = Manual;
				CURRENT_PROJECT_VERSION = 1.3;
				DEVELOPMENT_TEAM = ZCR4QT36HT;
				GENERATE_INFOPLIST_FILE = YES;
				INFOPLIST_FILE = "FixedCost-App/Info.plist";
				INFOPLIST_KEY_CFBundleDisplayName = "固定費管理";
				INFOPLIST_KEY_UIApplicationSupportsIndirectInputEvents = YES;
				INFOPLIST_KEY_UILaunchStoryboardName = LaunchScreen;
				INFOPLIST_KEY_UIMainStoryboardFile = FixedCost;
				INFOPLIST_KEY_UISupportedInterfaceOrientations_iPad = "UIInterfaceOrientationPortrait UIInterfaceOrientationPortraitUpsideDown UIInterfaceOrientationLandscapeLeft UIInterfaceOrientationLandscapeRight";
				INFOPLIST_KEY_UISupportedInterfaceOrientations_iPhone = "UIInterfaceOrientationPortrait UIInterfaceOrientationLandscapeLeft UIInterfaceOrientationLandscapeRight";
				INFOPLIST_KEY_UIUserInterfaceStyle = Light;
				LD_RUNPATH_SEARCH_PATHS = (
					"$(inherited)",
					"@executable_path/Frameworks",
				);
				MARKETING_VERSION = 1.2;
				PRODUCT_BUNDLE_IDENTIFIER = "swift-tk.FixedCost-App";
				PRODUCT_NAME = "$(TARGET_NAME)";
				PROVISIONING_PROFILE_SPECIFIER = "FixedCost-App";
				SWIFT_EMIT_LOC_STRINGS = YES;
				SWIFT_VERSION = 5.0;
				TARGETED_DEVICE_FAMILY = 1;
			};
			name = Release;
		};
		B45F25A7283A3C3700170675 /* Debug */ = {
			isa = XCBuildConfiguration;
			baseConfigurationReference = 06F6705B8B777DF6946F4D83 /* Pods-FixedCost-AppTests.debug.xcconfig */;
			buildSettings = {
				ALWAYS_EMBED_SWIFT_STANDARD_LIBRARIES = YES;
				BUNDLE_LOADER = "$(TEST_HOST)";
				CODE_SIGN_STYLE = Automatic;
				CURRENT_PROJECT_VERSION = 1;
				GENERATE_INFOPLIST_FILE = YES;
				IPHONEOS_DEPLOYMENT_TARGET = 15.5;
				MARKETING_VERSION = 1.0;
				PRODUCT_BUNDLE_IDENTIFIER = "swift-tk.FixedCost-AppTests";
				PRODUCT_NAME = "$(TARGET_NAME)";
				SWIFT_EMIT_LOC_STRINGS = NO;
				SWIFT_VERSION = 5.0;
				TARGETED_DEVICE_FAMILY = "1,2";
				TEST_HOST = "$(BUILT_PRODUCTS_DIR)/FixedCost-App.app/FixedCost-App";
			};
			name = Debug;
		};
		B45F25A8283A3C3700170675 /* Release */ = {
			isa = XCBuildConfiguration;
			baseConfigurationReference = C35B2CE0687F2094AC897890 /* Pods-FixedCost-AppTests.release.xcconfig */;
			buildSettings = {
				ALWAYS_EMBED_SWIFT_STANDARD_LIBRARIES = YES;
				BUNDLE_LOADER = "$(TEST_HOST)";
				CODE_SIGN_STYLE = Automatic;
				CURRENT_PROJECT_VERSION = 1;
				GENERATE_INFOPLIST_FILE = YES;
				IPHONEOS_DEPLOYMENT_TARGET = 15.5;
				MARKETING_VERSION = 1.0;
				PRODUCT_BUNDLE_IDENTIFIER = "swift-tk.FixedCost-AppTests";
				PRODUCT_NAME = "$(TARGET_NAME)";
				SWIFT_EMIT_LOC_STRINGS = NO;
				SWIFT_VERSION = 5.0;
				TARGETED_DEVICE_FAMILY = "1,2";
				TEST_HOST = "$(BUILT_PRODUCTS_DIR)/FixedCost-App.app/FixedCost-App";
			};
			name = Release;
		};
		B45F25AA283A3C3700170675 /* Debug */ = {
			isa = XCBuildConfiguration;
			baseConfigurationReference = 4D4FFB502C9A21127B36D6AF /* Pods-FixedCost-AppUITests.debug.xcconfig */;
			buildSettings = {
				ALWAYS_EMBED_SWIFT_STANDARD_LIBRARIES = YES;
				CODE_SIGN_STYLE = Automatic;
				CURRENT_PROJECT_VERSION = 1;
				GENERATE_INFOPLIST_FILE = YES;
				MARKETING_VERSION = 1.0;
				PRODUCT_BUNDLE_IDENTIFIER = "swift-tk.FixedCost-AppUITests";
				PRODUCT_NAME = "$(TARGET_NAME)";
				SWIFT_EMIT_LOC_STRINGS = NO;
				SWIFT_VERSION = 5.0;
				TARGETED_DEVICE_FAMILY = "1,2";
				TEST_TARGET_NAME = "FixedCost-App";
			};
			name = Debug;
		};
		B45F25AB283A3C3700170675 /* Release */ = {
			isa = XCBuildConfiguration;
			baseConfigurationReference = 845460F7FBAFD947FC0F3060 /* Pods-FixedCost-AppUITests.release.xcconfig */;
			buildSettings = {
				ALWAYS_EMBED_SWIFT_STANDARD_LIBRARIES = YES;
				CODE_SIGN_STYLE = Automatic;
				CURRENT_PROJECT_VERSION = 1;
				GENERATE_INFOPLIST_FILE = YES;
				MARKETING_VERSION = 1.0;
				PRODUCT_BUNDLE_IDENTIFIER = "swift-tk.FixedCost-AppUITests";
				PRODUCT_NAME = "$(TARGET_NAME)";
				SWIFT_EMIT_LOC_STRINGS = NO;
				SWIFT_VERSION = 5.0;
				TARGETED_DEVICE_FAMILY = "1,2";
				TEST_TARGET_NAME = "FixedCost-App";
			};
			name = Release;
		};
/* End XCBuildConfiguration section */

/* Begin XCConfigurationList section */
		B45F2574283A3C3200170675 /* Build configuration list for PBXProject "FixedCost-App" */ = {
			isa = XCConfigurationList;
			buildConfigurations = (
				B45F25A1283A3C3700170675 /* Debug */,
				B45F25A2283A3C3700170675 /* Release */,
			);
			defaultConfigurationIsVisible = 0;
			defaultConfigurationName = Release;
		};
		B45F25A3283A3C3700170675 /* Build configuration list for PBXNativeTarget "FixedCost-App" */ = {
			isa = XCConfigurationList;
			buildConfigurations = (
				B45F25A4283A3C3700170675 /* Debug */,
				B45F25A5283A3C3700170675 /* Release */,
			);
			defaultConfigurationIsVisible = 0;
			defaultConfigurationName = Release;
		};
		B45F25A6283A3C3700170675 /* Build configuration list for PBXNativeTarget "FixedCost-AppTests" */ = {
			isa = XCConfigurationList;
			buildConfigurations = (
				B45F25A7283A3C3700170675 /* Debug */,
				B45F25A8283A3C3700170675 /* Release */,
			);
			defaultConfigurationIsVisible = 0;
			defaultConfigurationName = Release;
		};
		B45F25A9283A3C3700170675 /* Build configuration list for PBXNativeTarget "FixedCost-AppUITests" */ = {
			isa = XCConfigurationList;
			buildConfigurations = (
				B45F25AA283A3C3700170675 /* Debug */,
				B45F25AB283A3C3700170675 /* Release */,
			);
			defaultConfigurationIsVisible = 0;
			defaultConfigurationName = Release;
		};
/* End XCConfigurationList section */

/* Begin XCRemoteSwiftPackageReference section */
		B44BDB46285C24270085560A /* XCRemoteSwiftPackageReference "realm-swift" */ = {
			isa = XCRemoteSwiftPackageReference;
			repositoryURL = "https://github.com/realm/realm-swift";
			requirement = {
				branch = master;
				kind = branch;
			};
		};
/* End XCRemoteSwiftPackageReference section */

/* Begin XCSwiftPackageProductDependency section */
		B44BDB47285C24270085560A /* Realm */ = {
			isa = XCSwiftPackageProductDependency;
			package = B44BDB46285C24270085560A /* XCRemoteSwiftPackageReference "realm-swift" */;
			productName = Realm;
		};
		B44BDB49285C24270085560A /* RealmSwift */ = {
			isa = XCSwiftPackageProductDependency;
			package = B44BDB46285C24270085560A /* XCRemoteSwiftPackageReference "realm-swift" */;
			productName = RealmSwift;
		};
/* End XCSwiftPackageProductDependency section */
	};
	rootObject = B45F2571283A3C3200170675 /* Project object */;
}
